// !$*UTF8*$!
{
	archiveVersion = 1;
	classes = {
	};
	objectVersion = 46;
	objects = {

/* Begin PBXBuildFile section */
		3EFF4F031E2359CB006E8353 /* main.m in Sources */ = {isa = PBXBuildFile; fileRef = 3EFF4F021E2359CB006E8353 /* main.m */; };
		3EFF4F061E2359CB006E8353 /* AppDelegate.m in Sources */ = {isa = PBXBuildFile; fileRef = 3EFF4F051E2359CB006E8353 /* AppDelegate.m */; };
		3EFF4F091E2359CB006E8353 /* ViewController.m in Sources */ = {isa = PBXBuildFile; fileRef = 3EFF4F081E2359CB006E8353 /* ViewController.m */; };
		3EFF4F0C1E2359CB006E8353 /* Main.storyboard in Resources */ = {isa = PBXBuildFile; fileRef = 3EFF4F0A1E2359CB006E8353 /* Main.storyboard */; };
		3EFF4F0E1E2359CB006E8353 /* Assets.xcassets in Resources */ = {isa = PBXBuildFile; fileRef = 3EFF4F0D1E2359CB006E8353 /* Assets.xcassets */; };
		3EFF4F111E2359CB006E8353 /* LaunchScreen.storyboard in Resources */ = {isa = PBXBuildFile; fileRef = 3EFF4F0F1E2359CB006E8353 /* LaunchScreen.storyboard */; };
/* End PBXBuildFile section */

/* Begin PBXFileReference section */
		3EFF4EFE1E2359CB006E8353 /* FunctionProgramming.app */ = {isa = PBXFileReference; explicitFileType = wrapper.application; includeInIndex = 0; path = FunctionProgramming.app; sourceTree = BUILT_PRODUCTS_DIR; };
		3EFF4F021E2359CB006E8353 /* main.m */ = {isa = PBXFileReference; lastKnownFileType = sourcecode.c.objc; path = main.m; sourceTree = "<group>"; };
		3EFF4F041E2359CB006E8353 /* AppDelegate.h */ = {isa = PBXFileReference; lastKnownFileType = sourcecode.c.h; path = AppDelegate.h; sourceTree = "<group>"; };
		3EFF4F051E2359CB006E8353 /* AppDelegate.m */ = {isa = PBXFileReference; lastKnownFileType = sourcecode.c.objc; path = AppDelegate.m; sourceTree = "<group>"; };
		3EFF4F071E2359CB006E8353 /* ViewController.h */ = {isa = PBXFileReference; lastKnownFileType = sourcecode.c.h; path = ViewController.h; sourceTree = "<group>"; };
		3EFF4F081E2359CB006E8353 /* ViewController.m */ = {isa = PBXFileReference; lastKnownFileType = sourcecode.c.objc; path = ViewController.m; sourceTree = "<group>"; };
		3EFF4F0B1E2359CB006E8353 /* Base */ = {isa = PBXFileReference; lastKnownFileType = file.storyboard; name = Base; path = Base.lproj/Main.storyboard; sourceTree = "<group>"; };
		3EFF4F0D1E2359CB006E8353 /* Assets.xcassets */ = {isa = PBXFileReference; lastKnownFileType = folder.assetcatalog; path = Assets.xcassets; sourceTree = "<group>"; };
		3EFF4F101E2359CB006E8353 /* Base */ = {isa = PBXFileReference; lastKnownFileType = file.storyboard; name = Base; path = Base.lproj/LaunchScreen.storyboard; sourceTree = "<group>"; };
		3EFF4F121E2359CB006E8353 /* Info.plist */ = {isa = PBXFileReference; lastKnownFileType = text.plist.xml; path = Info.plist; sourceTree = "<group>"; };
/* End PBXFileReference section */

/* Begin PBXFrameworksBuildPhase section */
		3EFF4EFB1E2359CB006E8353 /* Frameworks */ = {
			isa = PBXFrameworksBuildPhase;
			buildActionMask = 2147483647;
			files = (
			);
			runOnlyForDeploymentPostprocessing = 0;
		};
/* End PBXFrameworksBuildPhase section */

/* Begin PBXGroup section */
		3EFF4EF51E2359CB006E8353 = {
			isa = PBXGroup;
			children = (
				3EFF4F001E2359CB006E8353 /* FunctionProgramming */,
				3EFF4EFF1E2359CB006E8353 /* Products */,
			);
			sourceTree = "<group>";
		};
		3EFF4EFF1E2359CB006E8353 /* Products */ = {
			isa = PBXGroup;
			children = (
				3EFF4EFE1E2359CB006E8353 /* FunctionProgramming.app */,
			);
			name = Products;
			sourceTree = "<group>";
		};
		3EFF4F001E2359CB006E8353 /* FunctionProgramming */ = {
			isa = PBXGroup;
			children = (
				3EFF4F041E2359CB006E8353 /* AppDelegate.h */,
				3EFF4F051E2359CB006E8353 /* AppDelegate.m */,
				3EFF4F071E2359CB006E8353 /* ViewController.h */,
				3EFF4F081E2359CB006E8353 /* ViewController.m */,
				3EFF4F0A1E2359CB006E8353 /* Main.storyboard */,
				3EFF4F0D1E2359CB006E8353 /* Assets.xcassets */,
				3EFF4F0F1E2359CB006E8353 /* LaunchScreen.storyboard */,
				3EFF4F121E2359CB006E8353 /* Info.plist */,
				3EFF4F011E2359CB006E8353 /* Supporting Files */,
			);
			path = FunctionProgramming;
			sourceTree = "<group>";
		};
		3EFF4F011E2359CB006E8353 /* Supporting Files */ = {
			isa = PBXGroup;
			children = (
				3EFF4F021E2359CB006E8353 /* main.m */,
			);
			name = "Supporting Files";
			sourceTree = "<group>";
		};
/* End PBXGroup section */

/* Begin PBXNativeTarget section */
		3EFF4EFD1E2359CB006E8353 /* FunctionProgramming */ = {
			isa = PBXNativeTarget;
			buildConfigurationList = 3EFF4F151E2359CB006E8353 /* Build configuration list for PBXNativeTarget "FunctionProgramming" */;
			buildPhases = (
				3EFF4EFA1E2359CB006E8353 /* Sources */,
				3EFF4EFB1E2359CB006E8353 /* Frameworks */,
				3EFF4EFC1E2359CB006E8353 /* Resources */,
			);
			buildRules = (
			);
			dependencies = (
			);
			name = FunctionProgramming;
			productName = FunctionProgramming;
			productReference = 3EFF4EFE1E2359CB006E8353 /* FunctionProgramming.app */;
			productType = "com.apple.product-type.application";
		};
/* End PBXNativeTarget section */

/* Begin PBXProject section */
		3EFF4EF61E2359CB006E8353 /* Project object */ = {
			isa = PBXProject;
			attributes = {
				LastUpgradeCheck = 0810;
				ORGANIZATIONNAME = com.drcacom.com;
				TargetAttributes = {
					3EFF4EFD1E2359CB006E8353 = {
						CreatedOnToolsVersion = 8.1;
						DevelopmentTeam = NYRBZT6Z59;
						ProvisioningStyle = Automatic;
					};
				};
			};
			buildConfigurationList = 3EFF4EF91E2359CB006E8353 /* Build configuration list for PBXProject "FunctionProgramming" */;
			compatibilityVersion = "Xcode 3.2";
			developmentRegion = English;
			hasScannedForEncodings = 0;
			knownRegions = (
				en,
				Base,
			);
			mainGroup = 3EFF4EF51E2359CB006E8353;
			productRefGroup = 3EFF4EFF1E2359CB006E8353 /* Products */;
			projectDirPath = "";
			projectRoot = "";
			targets = (
				3EFF4EFD1E2359CB006E8353 /* FunctionProgramming */,
			);
		};
/* End PBXProject section */

/* Begin PBXResourcesBuildPhase section */
		3EFF4EFC1E2359CB006E8353 /* Resources */ = {
			isa = PBXResourcesBuildPhase;
			buildActionMask = 2147483647;
			files = (
				3EFF4F111E2359CB006E8353 /* LaunchScreen.storyboard in Resources */,
				3EFF4F0E1E2359CB006E8353 /* Assets.xcassets in Resources */,
				3EFF4F0C1E2359CB006E8353 /* Main.storyboard in Resources */,
			);
			runOnlyForDeploymentPostprocessing = 0;
		};
/* End PBXResourcesBuildPhase section */

/* Begin PBXSourcesBuildPhase section */
		3EFF4EFA1E2359CB006E8353 /* Sources */ = {
			isa = PBXSourcesBuildPhase;
			buildActionMask = 2147483647;
			files = (
				3EFF4F091E2359CB006E8353 /* ViewController.m in Sources */,
				3EFF4F061E2359CB006E8353 /* AppDelegate.m in Sources */,
				3EFF4F031E2359CB006E8353 /* main.m in Sources */,
			);
			runOnlyForDeploymentPostprocessing = 0;
		};
/* End PBXSourcesBuildPhase section */

/* Begin PBXVariantGroup section */
		3EFF4F0A1E2359CB006E8353 /* Main.storyboard */ = {
			isa = PBXVariantGroup;
			children = (
				3EFF4F0B1E2359CB006E8353 /* Base */,
			);
			name = Main.storyboard;
			sourceTree = "<group>";
		};
		3EFF4F0F1E2359CB006E8353 /* LaunchScreen.storyboard */ = {
			isa = PBXVariantGroup;
			children = (
				3EFF4F101E2359CB006E8353 /* Base */,
			);
			name = LaunchScreen.storyboard;
			sourceTree = "<group>";
		};
/* End PBXVariantGroup section */

/* Begin XCBuildConfiguration section */
		3EFF4F131E2359CB006E8353 /* Debug */ = {
			isa = XCBuildConfiguration;
			buildSettings = {
				ALWAYS_SEARCH_USER_PATHS = NO;
				CLANG_ANALYZER_NONNULL = YES;
				CLANG_CXX_LANGUAGE_STANDARD = "gnu++0x";
				CLANG_CXX_LIBRARY = "libc++";
				CLANG_ENABLE_MODULES = YES;
				CLANG_ENABLE_OBJC_ARC = YES;
				CLANG_WARN_BOOL_CONVERSION = YES;
				CLANG_WARN_CONSTANT_CONVERSION = YES;
				CLANG_WARN_DIRECT_OBJC_ISA_USAGE = YES_ERROR;
				CLANG_WARN_DOCUMENTATION_COMMENTS = YES;
				CLANG_WARN_EMPTY_BODY = YES;
				CLANG_WARN_ENUM_CONVERSION = YES;
				CLANG_WARN_INFINITE_RECURSION = YES;
				CLANG_WARN_INT_CONVERSION = YES;
				CLANG_WARN_OBJC_ROOT_CLASS = YES_ERROR;
				CLANG_WARN_SUSPICIOUS_MOVES = YES;
				CLANG_WARN_UNREACHABLE_CODE = YES;
				CLANG_WARN__DUPLICATE_METHOD_MATCH = YES;
				"CODE_SIGN_IDENTITY[sdk=iphoneos*]" = "iPhone Developer";
				COPY_PHASE_STRIP = NO;
				DEBUG_INFORMATION_FORMAT = dwarf;
				ENABLE_STRICT_OBJC_MSGSEND = YES;
				ENABLE_TESTABILITY = YES;
				GCC_C_LANGUAGE_STANDARD = gnu99;
				GCC_DYNAMIC_NO_PIC = NO;
				GCC_NO_COMMON_BLOCKS = YES;
				GCC_OPTIMIZATION_LEVEL = 0;
				GCC_PREPROCESSOR_DEFINITIONS = (
					"DEBUG=1",
					"$(inherited)",
				);
				GCC_WARN_64_TO_32_BIT_CONVERSION = YES;
				GCC_WARN_ABOUT_RETURN_TYPE = YES_ERROR;
				GCC_WARN_UNDECLARED_SELECTOR = YES;
				GCC_WARN_UNINITIALIZED_AUTOS = YES_AGGRESSIVE;
				GCC_WARN_UNUSED_FUNCTION = YES;
				GCC_WARN_UNUSED_VARIABLE = YES;
				IPHONEOS_DEPLOYMENT_TARGET = 10.1;
				MTL_ENABLE_DEBUG_INFO = YES;
				ONLY_ACTIVE_ARCH = YES;
				SDKROOT = iphoneos;
				TARGETED_DEVICE_FAMILY = "1,2";
			};
			name = Debug;
		};
		3EFF4F141E2359CB006E8353 /* Release */ = {
			isa = XCBuildConfiguration;
			buildSettings = {
				ALWAYS_SEARCH_USER_PATHS = NO;
				CLANG_ANALYZER_NONNULL = YES;
				CLANG_CXX_LANGUAGE_STANDARD = "gnu++0x";
				CLANG_CXX_LIBRARY = "libc++";
				CLANG_ENABLE_MODULES = YES;
				CLANG_ENABLE_OBJC_ARC = YES;
				CLANG_WARN_BOOL_CONVERSION = YES;
				CLANG_WARN_CONSTANT_CONVERSION = YES;
				CLANG_WARN_DIRECT_OBJC_ISA_USAGE = YES_ERROR;
				CLANG_WARN_DOCUMENTATION_COMMENTS = YES;
				CLANG_WARN_EMPTY_BODY = YES;
				CLANG_WARN_ENUM_CONVERSION = YES;
				CLANG_WARN_INFINITE_RECURSION = YES;
				CLANG_WARN_INT_CONVERSION = YES;
				CLANG_WARN_OBJC_ROOT_CLASS = YES_ERROR;
				CLANG_WARN_SUSPICIOUS_MOVES = YES;
				CLANG_WARN_UNREACHABLE_CODE = YES;
				CLANG_WARN__DUPLICATE_METHOD_MATCH = YES;
				"CODE_SIGN_IDENTITY[sdk=iphoneos*]" = "iPhone Developer";
				COPY_PHASE_STRIP = NO;
				DEBUG_INFORMATION_FORMAT = "dwarf-with-dsym";
				ENABLE_NS_ASSERTIONS = NO;
				ENABLE_STRICT_OBJC_MSGSEND = YES;
				GCC_C_LANGUAGE_STANDARD = gnu99;
				GCC_NO_COMMON_BLOCKS = YES;
				GCC_WARN_64_TO_32_BIT_CONVERSION = YES;
				GCC_WARN_ABOUT_RETURN_TYPE = YES_ERROR;
				GCC_WARN_UNDECLARED_SELECTOR = YES;
				GCC_WARN_UNINITIALIZED_AUTOS = YES_AGGRESSIVE;
				GCC_WARN_UNUSED_FUNCTION = YES;
				GCC_WARN_UNUSED_VARIABLE = YES;
				IPHONEOS_DEPLOYMENT_TARGET = 10.1;
				MTL_ENABLE_DEBUG_INFO = NO;
				SDKROOT = iphoneos;
				TARGETED_DEVICE_FAMILY = "1,2";
				VALIDATE_PRODUCT = YES;
			};
			name = Release;
		};
		3EFF4F161E2359CB006E8353 /* Debug */ = {
			isa = XCBuildConfiguration;
			buildSettings = {
				ASSETCATALOG_COMPILER_APPICON_NAME = AppIcon;
				DEVELOPMENT_TEAM = NYRBZT6Z59;
				INFOPLIST_FILE = FunctionProgramming/Info.plist;
				LD_RUNPATH_SEARCH_PATHS = "$(inherited) @executable_path/Frameworks";
				PRODUCT_BUNDLE_IDENTIFIER = com.drcacom.com.FunctionProgramming;
				PRODUCT_NAME = "$(TARGET_NAME)";
			};
			name = Debug;
		};
		3EFF4F171E2359CB006E8353 /* Release */ = {
			isa = XCBuildConfiguration;
			buildSettings = {
				ASSETCATALOG_COMPILER_APPICON_NAME = AppIcon;
				DEVELOPMENT_TEAM = NYRBZT6Z59;
				INFOPLIST_FILE = FunctionProgramming/Info.plist;
				LD_RUNPATH_SEARCH_PATHS = "$(inherited) @executable_path/Frameworks";
				PRODUCT_BUNDLE_IDENTIFIER = com.drcacom.com.FunctionProgramming;
				PRODUCT_NAME = "$(TARGET_NAME)";
			};
			name = Release;
		};
/* End XCBuildConfiguration section */

/* Begin XCConfigurationList section */
		3EFF4EF91E2359CB006E8353 /* Build configuration list for PBXProject "FunctionProgramming" */ = {
			isa = XCConfigurationList;
			buildConfigurations = (
				3EFF4F131E2359CB006E8353 /* Debug */,
				3EFF4F141E2359CB006E8353 /* Release */,
			);
			defaultConfigurationIsVisible = 0;
			defaultConfigurationName = Release;
		};
		3EFF4F151E2359CB006E8353 /* Build configuration list for PBXNativeTarget "FunctionProgramming" */ = {
			isa = XCConfigurationList;
			buildConfigurations = (
				3EFF4F161E2359CB006E8353 /* Debug */,
				3EFF4F171E2359CB006E8353 /* Release */,
			);
			defaultConfigurationIsVisible = 0;
		};
/* End XCConfigurationList section */
	};
	rootObject = 3EFF4EF61E2359CB006E8353 /* Project object */;
}
